{
  "version": 4,
  "terraform_version": "1.7.3",
  "serial": 30,
  "lineage": "f82d2217-f5d6-9e03-a80e-e14c3560dba8",
  "outputs": {
    "FQDN_bastion": {
      "value": "bastion.ru-central1.internal",
      "type": "string"
    },
    "FQDN_elastic": {
      "value": "elastic.ru-central1.internal",
      "type": "string"
    },
    "FQDN_kibana": {
      "value": "kibana.ru-central1.internal",
      "type": "string"
    },
    "FQDN_web-1": {
      "value": "web1.ru-central1.internal",
      "type": "string"
    },
    "FQDN_web-2": {
      "value": "web2.ru-central1.internal",
      "type": "string"
    },
    "FQDN_zabbix": {
      "value": "zabbix.ru-central1.internal",
      "type": "string"
    },
    "external_ip_address_L7balancer": {
      "value": [
        {
          "address": "84.252.132.245"
        }
      ],
      "type": [
        "list",
        [
          "object",
          {
            "address": "string"
          }
        ]
      ]
    },
    "external_ip_address_bastion": {
      "value": "158.160.14.104",
      "type": "string"
    },
    "external_ip_address_kibana": {
      "value": "158.160.75.116",
      "type": "string"
    },
    "external_ip_address_zabbix": {
      "value": "158.160.68.26",
      "type": "string"
    },
    "internal_ip_address_bastion": {
      "value": "10.10.4.4",
      "type": "string"
    },
    "internal_ip_address_elastic": {
      "value": "10.10.3.4",
      "type": "string"
    },
    "internal_ip_address_kibana": {
      "value": "10.10.4.3",
      "type": "string"
    },
    "internal_ip_address_web-1": {
      "value": "10.10.1.3",
      "type": "string"
    },
    "internal_ip_address_web-2": {
      "value": "10.10.2.3",
      "type": "string"
    },
    "internal_ip_address_zabbix": {
      "value": "10.10.4.5",
      "type": "string"
    }
  },
  "resources": [
    {
      "mode": "managed",
      "type": "yandex_alb_backend_group",
      "name": "web_alb_bg",
      "provider": "provider[\"registry.terraform.io/yandex-cloud/yandex\"]",
      "instances": [
        {
          "schema_version": 0,
          "attributes": {
            "created_at": "2024-10-17T08:49:31Z",
            "description": "",
            "folder_id": "b1guuo1ai5jdtfpacfa0",
            "grpc_backend": [],
            "http_backend": [
              {
                "healthcheck": [
                  {
                    "grpc_healthcheck": [],
                    "healthcheck_port": 0,
                    "healthy_threshold": 10,
                    "http_healthcheck": [
                      {
                        "host": "",
                        "http2": false,
                        "path": "/"
                      }
                    ],
                    "interval": "2s",
                    "interval_jitter_percent": 0,
                    "stream_healthcheck": [],
                    "timeout": "10s",
                    "unhealthy_threshold": 15
                  }
                ],
                "http2": false,
                "load_balancing_config": [
                  {
                    "locality_aware_routing_percent": 0,
                    "mode": "ROUND_ROBIN",
                    "panic_threshold": 90,
                    "strict_locality": false
                  }
                ],
                "name": "http-backend",
                "port": 80,
                "storage_bucket": "",
                "target_group_ids": [
                  "ds71niahamil125ndvll"
                ],
                "tls": [],
                "weight": 1
              }
            ],
            "id": "ds7um35dg0lbsaivaulu",
            "labels": null,
            "name": "new-backend-group",
            "session_affinity": [],
            "stream_backend": [],
            "timeouts": null
          },
          "sensitive_attributes": [],
          "private": "eyJlMmJmYjczMC1lY2FhLTExZTYtOGY4OC0zNDM2M2JjN2M0YzAiOnsiY3JlYXRlIjozMDAwMDAwMDAwMDAsImRlbGV0ZSI6MzAwMDAwMDAwMDAwLCJ1cGRhdGUiOjMwMDAwMDAwMDAwMH19",
          "dependencies": [
            "yandex_alb_target_group.web_tg_group",
            "yandex_compute_disk.disk-bastion",
            "yandex_compute_disk.disk-web-1",
            "yandex_compute_disk.disk-web-2",
            "yandex_compute_instance.bastion",
            "yandex_compute_instance.web-1",
            "yandex_compute_instance.web-2",
            "yandex_vpc_network.dipnet",
            "yandex_vpc_route_table.inner-to-nat",
            "yandex_vpc_security_group.internal",
            "yandex_vpc_security_group.public-bastion",
            "yandex_vpc_subnet.public",
            "yandex_vpc_subnet.subnet_web-1",
            "yandex_vpc_subnet.subnet_web-2"
          ]
        }
      ]
    },
    {
      "mode": "managed",
      "type": "yandex_alb_http_router",
      "name": "http_router",
      "provider": "provider[\"registry.terraform.io/yandex-cloud/yandex\"]",
      "instances": [
        {
          "schema_version": 0,
          "attributes": {
            "created_at": "2024-10-17T08:47:57Z",
            "description": "",
            "folder_id": "b1guuo1ai5jdtfpacfa0",
            "id": "ds71tn987f6eonksod19",
            "labels": null,
            "name": "new-http-router",
            "route_options": [],
            "timeouts": null
          },
          "sensitive_attributes": [],
          "private": "eyJlMmJmYjczMC1lY2FhLTExZTYtOGY4OC0zNDM2M2JjN2M0YzAiOnsiY3JlYXRlIjozMDAwMDAwMDAwMDAsImRlbGV0ZSI6MzAwMDAwMDAwMDAwLCJ1cGRhdGUiOjMwMDAwMDAwMDAwMH19"
        }
      ]
    },
    {
      "mode": "managed",
      "type": "yandex_alb_load_balancer",
      "name": "l7b",
      "provider": "provider[\"registry.terraform.io/yandex-cloud/yandex\"]",
      "instances": [
        {
          "schema_version": 0,
          "attributes": {
            "allocation_policy": [
              {
                "location": [
                  {
                    "disable_traffic": false,
                    "subnet_id": "e2lmtgm4scv0au6opbab",
                    "zone_id": "ru-central1-b"
                  }
                ]
              }
            ],
            "created_at": "2024-10-17T08:48:53Z",
            "description": "",
            "folder_id": "b1guuo1ai5jdtfpacfa0",
            "id": "ds74tvgsio39da1nldk2",
            "labels": null,
            "listener": [
              {
                "endpoint": [
                  {
                    "address": [
                      {
                        "external_ipv4_address": [
                          {
                            "address": "84.252.132.245"
                          }
                        ],
                        "external_ipv6_address": [],
                        "internal_ipv4_address": []
                      }
                    ],
                    "ports": [
                      80
                    ]
                  }
                ],
                "http": [
                  {
                    "handler": [
                      {
                        "allow_http10": false,
                        "http2_options": [],
                        "http_router_id": "ds71tn987f6eonksod19",
                        "rewrite_request_id": false
                      }
                    ],
                    "redirects": []
                  }
                ],
                "name": "my-listener",
                "stream": [],
                "tls": []
              }
            ],
            "log_group_id": "",
            "log_options": [],
            "name": "new-load-balancer",
            "network_id": "enp185vku2gcs02up6l3",
            "region_id": "",
            "security_group_ids": [
              "enp99amnnlnhcbm3769v",
              "enpeo46plplv3rg9gf4m"
            ],
            "status": "active",
            "timeouts": null
          },
          "sensitive_attributes": [],
          "private": "eyJlMmJmYjczMC1lY2FhLTExZTYtOGY4OC0zNDM2M2JjN2M0YzAiOnsiY3JlYXRlIjo2MDAwMDAwMDAwMDAsImRlbGV0ZSI6NjAwMDAwMDAwMDAwLCJ1cGRhdGUiOjYwMDAwMDAwMDAwMH19",
          "dependencies": [
            "yandex_alb_http_router.http_router",
            "yandex_compute_disk.disk-bastion",
            "yandex_compute_instance.bastion",
            "yandex_vpc_network.dipnet",
            "yandex_vpc_route_table.inner-to-nat",
            "yandex_vpc_security_group.internal",
            "yandex_vpc_security_group.public-bastion",
            "yandex_vpc_security_group.public-load-balancer",
            "yandex_vpc_subnet.private",
            "yandex_vpc_subnet.public"
          ]
        }
      ]
    },
    {
      "mode": "managed",
      "type": "yandex_alb_target_group",
      "name": "web_tg_group",
      "provider": "provider[\"registry.terraform.io/yandex-cloud/yandex\"]",
      "instances": [
        {
          "schema_version": 0,
          "attributes": {
            "created_at": "2024-10-17T08:49:31Z",
            "description": "",
            "folder_id": "b1guuo1ai5jdtfpacfa0",
            "id": "ds71niahamil125ndvll",
            "labels": null,
            "name": "new-target-group",
            "target": [
              {
                "ip_address": "10.10.1.3",
                "private_ipv4_address": false,
                "subnet_id": "e9bs75aoi0fafjlru851"
              },
              {
                "ip_address": "10.10.2.3",
                "private_ipv4_address": false,
                "subnet_id": "e2lppg0tf26juqfh0vfe"
              }
            ],
            "timeouts": null
          },
          "sensitive_attributes": [],
          "private": "eyJlMmJmYjczMC1lY2FhLTExZTYtOGY4OC0zNDM2M2JjN2M0YzAiOnsiY3JlYXRlIjozMDAwMDAwMDAwMDAsImRlbGV0ZSI6MzAwMDAwMDAwMDAwLCJ1cGRhdGUiOjMwMDAwMDAwMDAwMH19",
          "dependencies": [
            "yandex_compute_disk.disk-bastion",
            "yandex_compute_disk.disk-web-1",
            "yandex_compute_disk.disk-web-2",
            "yandex_compute_instance.bastion",
            "yandex_compute_instance.web-1",
            "yandex_compute_instance.web-2",
            "yandex_vpc_network.dipnet",
            "yandex_vpc_route_table.inner-to-nat",
            "yandex_vpc_security_group.internal",
            "yandex_vpc_security_group.public-bastion",
            "yandex_vpc_subnet.public",
            "yandex_vpc_subnet.subnet_web-1",
            "yandex_vpc_subnet.subnet_web-2"
          ]
        }
      ]
    },
    {
      "mode": "managed",
      "type": "yandex_alb_virtual_host",
      "name": "root",
      "provider": "provider[\"registry.terraform.io/yandex-cloud/yandex\"]",
      "instances": [
        {
          "schema_version": 0,
          "attributes": {
            "authority": null,
            "http_router_id": "ds71tn987f6eonksod19",
            "id": "ds71tn987f6eonksod19/root-virtual-host",
            "modify_request_headers": [],
            "modify_response_headers": [],
            "name": "root-virtual-host",
            "route": [
              {
                "grpc_route": [],
                "http_route": [
                  {
                    "direct_response_action": [],
                    "http_match": [
                      {
                        "http_method": null,
                        "path": [
                          {
                            "exact": "",
                            "prefix": "/",
                            "regex": ""
                          }
                        ]
                      }
                    ],
                    "http_route_action": [
                      {
                        "auto_host_rewrite": false,
                        "backend_group_id": "ds7um35dg0lbsaivaulu",
                        "host_rewrite": "",
                        "idle_timeout": "",
                        "prefix_rewrite": "",
                        "timeout": "3s",
                        "upgrade_types": null
                      }
                    ],
                    "redirect_action": []
                  }
                ],
                "name": "root-path",
                "route_options": []
              }
            ],
            "route_options": [],
            "timeouts": null
          },
          "sensitive_attributes": [],
          "private": "eyJlMmJmYjczMC1lY2FhLTExZTYtOGY4OC0zNDM2M2JjN2M0YzAiOnsiY3JlYXRlIjozMDAwMDAwMDAwMDAsImRlbGV0ZSI6MzAwMDAwMDAwMDAwLCJ1cGRhdGUiOjMwMDAwMDAwMDAwMH19",
          "dependencies": [
            "yandex_alb_backend_group.web_alb_bg",
            "yandex_alb_http_router.http_router",
            "yandex_alb_target_group.web_tg_group",
            "yandex_compute_disk.disk-bastion",
            "yandex_compute_disk.disk-web-1",
            "yandex_compute_disk.disk-web-2",
            "yandex_compute_instance.bastion",
            "yandex_compute_instance.web-1",
            "yandex_compute_instance.web-2",
            "yandex_vpc_network.dipnet",
            "yandex_vpc_route_table.inner-to-nat",
            "yandex_vpc_security_group.internal",
            "yandex_vpc_security_group.public-bastion",
            "yandex_vpc_subnet.public",
            "yandex_vpc_subnet.subnet_web-1",
            "yandex_vpc_subnet.subnet_web-2"
          ]
        }
      ]
    },
    {
      "mode": "managed",
      "type": "yandex_compute_disk",
      "name": "disk-bastion",
      "provider": "provider[\"registry.terraform.io/yandex-cloud/yandex\"]",
      "instances": [
        {
          "schema_version": 0,
          "attributes": {
            "allow_recreate": null,
            "block_size": 4096,
            "created_at": "2024-10-17T08:47:57Z",
            "description": "",
            "disk_placement_policy": [
              {
                "disk_placement_group_id": ""
              }
            ],
            "folder_id": "b1guuo1ai5jdtfpacfa0",
            "hardware_generation": [
              {
                "generation2_features": [],
                "legacy_features": [
                  {
                    "pci_topology": "PCI_TOPOLOGY_V1"
                  }
                ]
              }
            ],
            "id": "epdah0apbdsd8m56l9mf",
            "image_id": "fd8mfcsu31d3139ufj78",
            "labels": null,
            "name": "disk-vm-bastion",
            "product_ids": [
              "f2etok498b0uj6q4d6oc",
              "f2el9tmg1uoo8t2gf45m"
            ],
            "size": 8,
            "snapshot_id": "",
            "status": "ready",
            "timeouts": null,
            "type": "network-hdd",
            "zone": "ru-central1-b"
          },
          "sensitive_attributes": [],
          "private": "eyJlMmJmYjczMC1lY2FhLTExZTYtOGY4OC0zNDM2M2JjN2M0YzAiOnsiY3JlYXRlIjozMDAwMDAwMDAwMDAsImRlbGV0ZSI6MzAwMDAwMDAwMDAwLCJ1cGRhdGUiOjMwMDAwMDAwMDAwMH19"
        }
      ]
    },
    {
      "mode": "managed",
      "type": "yandex_compute_disk",
      "name": "disk-elastic",
      "provider": "provider[\"registry.terraform.io/yandex-cloud/yandex\"]",
      "instances": [
        {
          "schema_version": 0,
          "attributes": {
            "allow_recreate": null,
            "block_size": 4096,
            "created_at": "2024-10-17T08:47:57Z",
            "description": "",
            "disk_placement_policy": [
              {
                "disk_placement_group_id": ""
              }
            ],
            "folder_id": "b1guuo1ai5jdtfpacfa0",
            "hardware_generation": [
              {
                "generation2_features": [],
                "legacy_features": [
                  {
                    "pci_topology": "PCI_TOPOLOGY_V1"
                  }
                ]
              }
            ],
            "id": "epdvdq13rae70t14dqva",
            "image_id": "fd88rqql4soidsdqf98a",
            "labels": null,
            "name": "disk-vm-elastic",
            "product_ids": [
              "f2ecgf47np37d1pglenv"
            ],
            "size": 20,
            "snapshot_id": "",
            "status": "ready",
            "timeouts": null,
            "type": "network-hdd",
            "zone": "ru-central1-b"
          },
          "sensitive_attributes": [],
          "private": "eyJlMmJmYjczMC1lY2FhLTExZTYtOGY4OC0zNDM2M2JjN2M0YzAiOnsiY3JlYXRlIjozMDAwMDAwMDAwMDAsImRlbGV0ZSI6MzAwMDAwMDAwMDAwLCJ1cGRhdGUiOjMwMDAwMDAwMDAwMH19"
        }
      ]
    },
    {
      "mode": "managed",
      "type": "yandex_compute_disk",
      "name": "disk-kibana",
      "provider": "provider[\"registry.terraform.io/yandex-cloud/yandex\"]",
      "instances": [
        {
          "schema_version": 0,
          "attributes": {
            "allow_recreate": null,
            "block_size": 4096,
            "created_at": "2024-10-17T08:47:57Z",
            "description": "",
            "disk_placement_policy": [
              {
                "disk_placement_group_id": ""
              }
            ],
            "folder_id": "b1guuo1ai5jdtfpacfa0",
            "hardware_generation": [
              {
                "generation2_features": [],
                "legacy_features": [
                  {
                    "pci_topology": "PCI_TOPOLOGY_V1"
                  }
                ]
              }
            ],
            "id": "epdjt902i5shkfmemfju",
            "image_id": "fd88rqql4soidsdqf98a",
            "labels": null,
            "name": "disk-vm-kibana",
            "product_ids": [
              "f2ecgf47np37d1pglenv"
            ],
            "size": 8,
            "snapshot_id": "",
            "status": "ready",
            "timeouts": null,
            "type": "network-hdd",
            "zone": "ru-central1-b"
          },
          "sensitive_attributes": [],
          "private": "eyJlMmJmYjczMC1lY2FhLTExZTYtOGY4OC0zNDM2M2JjN2M0YzAiOnsiY3JlYXRlIjozMDAwMDAwMDAwMDAsImRlbGV0ZSI6MzAwMDAwMDAwMDAwLCJ1cGRhdGUiOjMwMDAwMDAwMDAwMH19"
        }
      ]
    },
    {
      "mode": "managed",
      "type": "yandex_compute_disk",
      "name": "disk-web-1",
      "provider": "provider[\"registry.terraform.io/yandex-cloud/yandex\"]",
      "instances": [
        {
          "schema_version": 0,
          "attributes": {
            "allow_recreate": null,
            "block_size": 4096,
            "created_at": "2024-10-17T08:47:57Z",
            "description": "",
            "disk_placement_policy": [
              {
                "disk_placement_group_id": ""
              }
            ],
            "folder_id": "b1guuo1ai5jdtfpacfa0",
            "hardware_generation": [
              {
                "generation2_features": [],
                "legacy_features": [
                  {
                    "pci_topology": "PCI_TOPOLOGY_V1"
                  }
                ]
              }
            ],
            "id": "fhmo7v3t62t0h391qbul",
            "image_id": "fd88rqql4soidsdqf98a",
            "labels": null,
            "name": "disk-vm-web1",
            "product_ids": [
              "f2ecgf47np37d1pglenv"
            ],
            "size": 8,
            "snapshot_id": "",
            "status": "ready",
            "timeouts": null,
            "type": "network-hdd",
            "zone": "ru-central1-a"
          },
          "sensitive_attributes": [],
          "private": "eyJlMmJmYjczMC1lY2FhLTExZTYtOGY4OC0zNDM2M2JjN2M0YzAiOnsiY3JlYXRlIjozMDAwMDAwMDAwMDAsImRlbGV0ZSI6MzAwMDAwMDAwMDAwLCJ1cGRhdGUiOjMwMDAwMDAwMDAwMH19"
        }
      ]
    },
    {
      "mode": "managed",
      "type": "yandex_compute_disk",
      "name": "disk-web-2",
      "provider": "provider[\"registry.terraform.io/yandex-cloud/yandex\"]",
      "instances": [
        {
          "schema_version": 0,
          "attributes": {
            "allow_recreate": null,
            "block_size": 4096,
            "created_at": "2024-10-17T08:47:57Z",
            "description": "",
            "disk_placement_policy": [
              {
                "disk_placement_group_id": ""
              }
            ],
            "folder_id": "b1guuo1ai5jdtfpacfa0",
            "hardware_generation": [
              {
                "generation2_features": [],
                "legacy_features": [
                  {
                    "pci_topology": "PCI_TOPOLOGY_V1"
                  }
                ]
              }
            ],
            "id": "epd9shku7vv1ol1r4aqj",
            "image_id": "fd88rqql4soidsdqf98a",
            "labels": null,
            "name": "disk-vm-web2",
            "product_ids": [
              "f2ecgf47np37d1pglenv"
            ],
            "size": 8,
            "snapshot_id": "",
            "status": "ready",
            "timeouts": null,
            "type": "network-hdd",
            "zone": "ru-central1-b"
          },
          "sensitive_attributes": [],
          "private": "eyJlMmJmYjczMC1lY2FhLTExZTYtOGY4OC0zNDM2M2JjN2M0YzAiOnsiY3JlYXRlIjozMDAwMDAwMDAwMDAsImRlbGV0ZSI6MzAwMDAwMDAwMDAwLCJ1cGRhdGUiOjMwMDAwMDAwMDAwMH19"
        }
      ]
    },
    {
      "mode": "managed",
      "type": "yandex_compute_disk",
      "name": "disk-zabbix",
      "provider": "provider[\"registry.terraform.io/yandex-cloud/yandex\"]",
      "instances": [
        {
          "schema_version": 0,
          "attributes": {
            "allow_recreate": null,
            "block_size": 4096,
            "created_at": "2024-10-17T08:47:57Z",
            "description": "",
            "disk_placement_policy": [
              {
                "disk_placement_group_id": ""
              }
            ],
            "folder_id": "b1guuo1ai5jdtfpacfa0",
            "hardware_generation": [
              {
                "generation2_features": [],
                "legacy_features": [
                  {
                    "pci_topology": "PCI_TOPOLOGY_V1"
                  }
                ]
              }
            ],
            "id": "epdieq9lf2778gei5l1l",
            "image_id": "fd88rqql4soidsdqf98a",
            "labels": null,
            "name": "disk-vm-zabbix",
            "product_ids": [
              "f2ecgf47np37d1pglenv"
            ],
            "size": 8,
            "snapshot_id": "",
            "status": "ready",
            "timeouts": null,
            "type": "network-hdd",
            "zone": "ru-central1-b"
          },
          "sensitive_attributes": [],
          "private": "eyJlMmJmYjczMC1lY2FhLTExZTYtOGY4OC0zNDM2M2JjN2M0YzAiOnsiY3JlYXRlIjozMDAwMDAwMDAwMDAsImRlbGV0ZSI6MzAwMDAwMDAwMDAwLCJ1cGRhdGUiOjMwMDAwMDAwMDAwMH19"
        }
      ]
    },
    {
      "mode": "managed",
      "type": "yandex_compute_instance",
      "name": "bastion",
      "provider": "provider[\"registry.terraform.io/yandex-cloud/yandex\"]",
      "instances": [
        {
          "schema_version": 1,
          "attributes": {
            "allow_recreate": null,
            "allow_stopping_for_update": true,
            "boot_disk": [
              {
                "auto_delete": true,
                "device_name": "epdah0apbdsd8m56l9mf",
                "disk_id": "epdah0apbdsd8m56l9mf",
                "initialize_params": [
                  {
                    "block_size": 4096,
                    "description": "",
                    "image_id": "fd8mfcsu31d3139ufj78",
                    "name": "disk-vm-bastion",
                    "size": 8,
                    "snapshot_id": "",
                    "type": "network-hdd"
                  }
                ],
                "mode": "READ_WRITE"
              }
            ],
            "created_at": "2024-10-17T08:48:13Z",
            "description": "",
            "filesystem": [],
            "folder_id": "b1guuo1ai5jdtfpacfa0",
            "fqdn": "bastion.ru-central1.internal",
            "gpu_cluster_id": "",
            "hardware_generation": [
              {
                "generation2_features": [],
                "legacy_features": [
                  {
                    "pci_topology": "PCI_TOPOLOGY_V1"
                  }
                ]
              }
            ],
            "hostname": "bastion",
            "id": "epdcekcqr23cdcshcsso",
            "labels": null,
            "local_disk": [],
            "maintenance_grace_period": "",
            "maintenance_policy": null,
            "metadata": {
              "user-data": "#cloud-config\nusers:\n  - name: user\n    groups: sudo\n    shell: /bin/bash\n    sudo: ['ALL=(ALL) NOPASSWD:ALL']\n    ssh-authorized-keys:\n      - ssh-rsa AAAAB3NzaC1yc2EAAAADAQABAAABgQCwJoV+Pw5CB/uOEZvAb1x7qt97Ux/npxD/fxOA7RPpru2FrpZPz/Ly+CfF3WsspUPBZtlXErJcSMJqFUjljzB4oNOlF1w37+HMJup0qLmrvoVhdJIwkgIMf60y6JCMBuhM9J6cLr+MMOpLWpYNyE0UbH3F5nciOcsd47xDa1uogf8RKeVQDepdo1wRXz0hcGAnZ1PQ1KUaZVugvdv64fAR7Gr3473iD+q+9yNeXKpirnkcrZ7K8PNA+1VcdF2gvZn0r5510oz7x1z5LuvN6eLKYkz0NkZUY723kZBP2bLo3jMr2YA31PzDVD9tkJHfPPnpm3IOpOAHgVlvJOeio/hFRwix/RRVRYbd6glu5p7GMjIzzB06Qyja2SadIyypcctFKNXjnFXl3eYa4VmHk3FuoOEIXj5A+WQVQz0/WFovrGx6yKs8jFoC8Nfu+ujnYFyldz8sojvgPXPv6dfqsvEt0QBbfKJJ1Mp1bCFBhn2uCDtKYjX3+7uKrp5qoRpI5qc= danil21@danil21-VirtualBox\n"
            },
            "metadata_options": [
              {
                "aws_v1_http_endpoint": 1,
                "aws_v1_http_token": 2,
                "gce_http_endpoint": 1,
                "gce_http_token": 1
              }
            ],
            "name": "vm-bastion",
            "network_acceleration_type": "standard",
            "network_interface": [
              {
                "dns_record": [
                  {
                    "dns_zone_id": "",
                    "fqdn": "bastion.srv.",
                    "ptr": false,
                    "ttl": 300
                  }
                ],
                "index": 0,
                "ip_address": "10.10.4.4",
                "ipv4": true,
                "ipv6": false,
                "ipv6_address": "",
                "ipv6_dns_record": [],
                "mac_address": "d0:0d:c7:51:9a:d8",
                "nat": true,
                "nat_dns_record": [],
                "nat_ip_address": "158.160.14.104",
                "nat_ip_version": "IPV4",
                "security_group_ids": [
                  "enp0ho4976p86nq55jgb",
                  "enp99amnnlnhcbm3769v"
                ],
                "subnet_id": "e2llu9vdohv4tir15491"
              }
            ],
            "placement_policy": [
              {
                "host_affinity_rules": [],
                "placement_group_id": "",
                "placement_group_partition": 0
              }
            ],
            "platform_id": "standard-v3",
            "resources": [
              {
                "core_fraction": 20,
                "cores": 2,
                "gpus": 0,
                "memory": 2
              }
            ],
            "scheduling_policy": [
              {
                "preemptible": true
              }
            ],
            "secondary_disk": [],
            "service_account_id": "",
            "status": "running",
            "timeouts": null,
            "zone": "ru-central1-b"
          },
          "sensitive_attributes": [],
          "private": "eyJlMmJmYjczMC1lY2FhLTExZTYtOGY4OC0zNDM2M2JjN2M0YzAiOnsiY3JlYXRlIjozMDAwMDAwMDAwMDAsImRlbGV0ZSI6MzAwMDAwMDAwMDAwLCJ1cGRhdGUiOjMwMDAwMDAwMDAwMH0sInNjaGVtYV92ZXJzaW9uIjoiMSJ9",
          "dependencies": [
            "yandex_compute_disk.disk-bastion",
            "yandex_vpc_network.dipnet",
            "yandex_vpc_security_group.internal",
            "yandex_vpc_security_group.public-bastion",
            "yandex_vpc_subnet.public"
          ]
        }
      ]
    },
    {
      "mode": "managed",
      "type": "yandex_compute_instance",
      "name": "elastic",
      "provider": "provider[\"registry.terraform.io/yandex-cloud/yandex\"]",
      "instances": [
        {
          "schema_version": 1,
          "attributes": {
            "allow_recreate": null,
            "allow_stopping_for_update": true,
            "boot_disk": [
              {
                "auto_delete": true,
                "device_name": "epdvdq13rae70t14dqva",
                "disk_id": "epdvdq13rae70t14dqva",
                "initialize_params": [
                  {
                    "block_size": 4096,
                    "description": "",
                    "image_id": "fd88rqql4soidsdqf98a",
                    "name": "disk-vm-elastic",
                    "size": 20,
                    "snapshot_id": "",
                    "type": "network-hdd"
                  }
                ],
                "mode": "READ_WRITE"
              }
            ],
            "created_at": "2024-10-17T08:48:53Z",
            "description": "",
            "filesystem": [],
            "folder_id": "b1guuo1ai5jdtfpacfa0",
            "fqdn": "elastic.ru-central1.internal",
            "gpu_cluster_id": "",
            "hardware_generation": [
              {
                "generation2_features": [],
                "legacy_features": [
                  {
                    "pci_topology": "PCI_TOPOLOGY_V1"
                  }
                ]
              }
            ],
            "hostname": "elastic",
            "id": "epd07qc7gf3o5uedqlp8",
            "labels": null,
            "local_disk": [],
            "maintenance_grace_period": "",
            "maintenance_policy": null,
            "metadata": {
              "user-data": "#cloud-config\nusers:\n  - name: user\n    groups: sudo\n    shell: /bin/bash\n    sudo: ['ALL=(ALL) NOPASSWD:ALL']\n    ssh-authorized-keys:\n      - ssh-rsa AAAAB3NzaC1yc2EAAAADAQABAAABgQCwJoV+Pw5CB/uOEZvAb1x7qt97Ux/npxD/fxOA7RPpru2FrpZPz/Ly+CfF3WsspUPBZtlXErJcSMJqFUjljzB4oNOlF1w37+HMJup0qLmrvoVhdJIwkgIMf60y6JCMBuhM9J6cLr+MMOpLWpYNyE0UbH3F5nciOcsd47xDa1uogf8RKeVQDepdo1wRXz0hcGAnZ1PQ1KUaZVugvdv64fAR7Gr3473iD+q+9yNeXKpirnkcrZ7K8PNA+1VcdF2gvZn0r5510oz7x1z5LuvN6eLKYkz0NkZUY723kZBP2bLo3jMr2YA31PzDVD9tkJHfPPnpm3IOpOAHgVlvJOeio/hFRwix/RRVRYbd6glu5p7GMjIzzB06Qyja2SadIyypcctFKNXjnFXl3eYa4VmHk3FuoOEIXj5A+WQVQz0/WFovrGx6yKs8jFoC8Nfu+ujnYFyldz8sojvgPXPv6dfqsvEt0QBbfKJJ1Mp1bCFBhn2uCDtKYjX3+7uKrp5qoRpI5qc= danil21@danil21-VirtualBox\n"
            },
            "metadata_options": [
              {
                "aws_v1_http_endpoint": 1,
                "aws_v1_http_token": 2,
                "gce_http_endpoint": 1,
                "gce_http_token": 1
              }
            ],
            "name": "vm-elastic",
            "network_acceleration_type": "standard",
            "network_interface": [
              {
                "dns_record": [
                  {
                    "dns_zone_id": "",
                    "fqdn": "elastic.srv.",
                    "ptr": false,
                    "ttl": 300
                  }
                ],
                "index": 0,
                "ip_address": "10.10.3.4",
                "ipv4": true,
                "ipv6": false,
                "ipv6_address": "",
                "ipv6_dns_record": [],
                "mac_address": "d0:0d:3e:98:78:3c",
                "nat": false,
                "nat_dns_record": [],
                "nat_ip_address": "",
                "nat_ip_version": "",
                "security_group_ids": [
                  "enp99amnnlnhcbm3769v"
                ],
                "subnet_id": "e2lmtgm4scv0au6opbab"
              }
            ],
            "placement_policy": [
              {
                "host_affinity_rules": [],
                "placement_group_id": "",
                "placement_group_partition": 0
              }
            ],
            "platform_id": "standard-v3",
            "resources": [
              {
                "core_fraction": 20,
                "cores": 2,
                "gpus": 0,
                "memory": 4
              }
            ],
            "scheduling_policy": [
              {
                "preemptible": true
              }
            ],
            "secondary_disk": [],
            "service_account_id": "",
            "status": "running",
            "timeouts": null,
            "zone": "ru-central1-b"
          },
          "sensitive_attributes": [],
          "private": "eyJlMmJmYjczMC1lY2FhLTExZTYtOGY4OC0zNDM2M2JjN2M0YzAiOnsiY3JlYXRlIjozMDAwMDAwMDAwMDAsImRlbGV0ZSI6MzAwMDAwMDAwMDAwLCJ1cGRhdGUiOjMwMDAwMDAwMDAwMH0sInNjaGVtYV92ZXJzaW9uIjoiMSJ9",
          "dependencies": [
            "yandex_compute_disk.disk-bastion",
            "yandex_compute_disk.disk-elastic",
            "yandex_compute_instance.bastion",
            "yandex_vpc_network.dipnet",
            "yandex_vpc_route_table.inner-to-nat",
            "yandex_vpc_security_group.internal",
            "yandex_vpc_security_group.public-bastion",
            "yandex_vpc_subnet.private",
            "yandex_vpc_subnet.public"
          ]
        }
      ]
    },
    {
      "mode": "managed",
      "type": "yandex_compute_instance",
      "name": "kibana",
      "provider": "provider[\"registry.terraform.io/yandex-cloud/yandex\"]",
      "instances": [
        {
          "schema_version": 1,
          "attributes": {
            "allow_recreate": null,
            "allow_stopping_for_update": true,
            "boot_disk": [
              {
                "auto_delete": true,
                "device_name": "epdjt902i5shkfmemfju",
                "disk_id": "epdjt902i5shkfmemfju",
                "initialize_params": [
                  {
                    "block_size": 4096,
                    "description": "",
                    "image_id": "fd88rqql4soidsdqf98a",
                    "name": "disk-vm-kibana",
                    "size": 8,
                    "snapshot_id": "",
                    "type": "network-hdd"
                  }
                ],
                "mode": "READ_WRITE"
              }
            ],
            "created_at": "2024-10-17T08:48:10Z",
            "description": "",
            "filesystem": [],
            "folder_id": "b1guuo1ai5jdtfpacfa0",
            "fqdn": "kibana.ru-central1.internal",
            "gpu_cluster_id": "",
            "hardware_generation": [
              {
                "generation2_features": [],
                "legacy_features": [
                  {
                    "pci_topology": "PCI_TOPOLOGY_V1"
                  }
                ]
              }
            ],
            "hostname": "kibana",
            "id": "epdg0f99t0lbbtjmqrh7",
            "labels": null,
            "local_disk": [],
            "maintenance_grace_period": "",
            "maintenance_policy": null,
            "metadata": {
              "user-data": "#cloud-config\nusers:\n  - name: user\n    groups: sudo\n    shell: /bin/bash\n    sudo: ['ALL=(ALL) NOPASSWD:ALL']\n    ssh-authorized-keys:\n      - ssh-rsa AAAAB3NzaC1yc2EAAAADAQABAAABgQCwJoV+Pw5CB/uOEZvAb1x7qt97Ux/npxD/fxOA7RPpru2FrpZPz/Ly+CfF3WsspUPBZtlXErJcSMJqFUjljzB4oNOlF1w37+HMJup0qLmrvoVhdJIwkgIMf60y6JCMBuhM9J6cLr+MMOpLWpYNyE0UbH3F5nciOcsd47xDa1uogf8RKeVQDepdo1wRXz0hcGAnZ1PQ1KUaZVugvdv64fAR7Gr3473iD+q+9yNeXKpirnkcrZ7K8PNA+1VcdF2gvZn0r5510oz7x1z5LuvN6eLKYkz0NkZUY723kZBP2bLo3jMr2YA31PzDVD9tkJHfPPnpm3IOpOAHgVlvJOeio/hFRwix/RRVRYbd6glu5p7GMjIzzB06Qyja2SadIyypcctFKNXjnFXl3eYa4VmHk3FuoOEIXj5A+WQVQz0/WFovrGx6yKs8jFoC8Nfu+ujnYFyldz8sojvgPXPv6dfqsvEt0QBbfKJJ1Mp1bCFBhn2uCDtKYjX3+7uKrp5qoRpI5qc= danil21@danil21-VirtualBox\n"
            },
            "metadata_options": [
              {
                "aws_v1_http_endpoint": 1,
                "aws_v1_http_token": 2,
                "gce_http_endpoint": 1,
                "gce_http_token": 1
              }
            ],
            "name": "vm-kibana",
            "network_acceleration_type": "standard",
            "network_interface": [
              {
                "dns_record": [
                  {
                    "dns_zone_id": "",
                    "fqdn": "kibana.srv.",
                    "ptr": false,
                    "ttl": 300
                  }
                ],
                "index": 0,
                "ip_address": "10.10.4.3",
                "ipv4": true,
                "ipv6": false,
                "ipv6_address": "",
                "ipv6_dns_record": [],
                "mac_address": "d0:0d:10:03:d2:9e",
                "nat": true,
                "nat_dns_record": [],
                "nat_ip_address": "158.160.75.116",
                "nat_ip_version": "IPV4",
                "security_group_ids": [
                  "enp0qj1s1vo976tgq6a1",
                  "enp99amnnlnhcbm3769v"
                ],
                "subnet_id": "e2llu9vdohv4tir15491"
              }
            ],
            "placement_policy": [
              {
                "host_affinity_rules": [],
                "placement_group_id": "",
                "placement_group_partition": 0
              }
            ],
            "platform_id": "standard-v3",
            "resources": [
              {
                "core_fraction": 20,
                "cores": 2,
                "gpus": 0,
                "memory": 2
              }
            ],
            "scheduling_policy": [
              {
                "preemptible": true
              }
            ],
            "secondary_disk": [],
            "service_account_id": "",
            "status": "running",
            "timeouts": null,
            "zone": "ru-central1-b"
          },
          "sensitive_attributes": [],
          "private": "eyJlMmJmYjczMC1lY2FhLTExZTYtOGY4OC0zNDM2M2JjN2M0YzAiOnsiY3JlYXRlIjozMDAwMDAwMDAwMDAsImRlbGV0ZSI6MzAwMDAwMDAwMDAwLCJ1cGRhdGUiOjMwMDAwMDAwMDAwMH0sInNjaGVtYV92ZXJzaW9uIjoiMSJ9",
          "dependencies": [
            "yandex_compute_disk.disk-kibana",
            "yandex_vpc_network.dipnet",
            "yandex_vpc_security_group.internal",
            "yandex_vpc_security_group.public-kibana",
            "yandex_vpc_subnet.public"
          ]
        }
      ]
    },
    {
      "mode": "managed",
      "type": "yandex_compute_instance",
      "name": "web-1",
      "provider": "provider[\"registry.terraform.io/yandex-cloud/yandex\"]",
      "instances": [
        {
          "schema_version": 1,
          "attributes": {
            "allow_recreate": null,
            "allow_stopping_for_update": true,
            "boot_disk": [
              {
                "auto_delete": true,
                "device_name": "fhmo7v3t62t0h391qbul",
                "disk_id": "fhmo7v3t62t0h391qbul",
                "initialize_params": [
                  {
                    "block_size": 4096,
                    "description": "",
                    "image_id": "fd88rqql4soidsdqf98a",
                    "name": "disk-vm-web1",
                    "size": 8,
                    "snapshot_id": "",
                    "type": "network-hdd"
                  }
                ],
                "mode": "READ_WRITE"
              }
            ],
            "created_at": "2024-10-17T08:48:51Z",
            "description": "",
            "filesystem": [],
            "folder_id": "b1guuo1ai5jdtfpacfa0",
            "fqdn": "web1.ru-central1.internal",
            "gpu_cluster_id": "",
            "hardware_generation": [
              {
                "generation2_features": [],
                "legacy_features": [
                  {
                    "pci_topology": "PCI_TOPOLOGY_V1"
                  }
                ]
              }
            ],
            "hostname": "web1",
            "id": "fhm53ovqmj12enbg897v",
            "labels": null,
            "local_disk": [],
            "maintenance_grace_period": "",
            "maintenance_policy": null,
            "metadata": {
              "user-data": "#cloud-config\nusers:\n  - name: user\n    groups: sudo\n    shell: /bin/bash\n    sudo: ['ALL=(ALL) NOPASSWD:ALL']\n    ssh-authorized-keys:\n      - ssh-rsa AAAAB3NzaC1yc2EAAAADAQABAAABgQCwJoV+Pw5CB/uOEZvAb1x7qt97Ux/npxD/fxOA7RPpru2FrpZPz/Ly+CfF3WsspUPBZtlXErJcSMJqFUjljzB4oNOlF1w37+HMJup0qLmrvoVhdJIwkgIMf60y6JCMBuhM9J6cLr+MMOpLWpYNyE0UbH3F5nciOcsd47xDa1uogf8RKeVQDepdo1wRXz0hcGAnZ1PQ1KUaZVugvdv64fAR7Gr3473iD+q+9yNeXKpirnkcrZ7K8PNA+1VcdF2gvZn0r5510oz7x1z5LuvN6eLKYkz0NkZUY723kZBP2bLo3jMr2YA31PzDVD9tkJHfPPnpm3IOpOAHgVlvJOeio/hFRwix/RRVRYbd6glu5p7GMjIzzB06Qyja2SadIyypcctFKNXjnFXl3eYa4VmHk3FuoOEIXj5A+WQVQz0/WFovrGx6yKs8jFoC8Nfu+ujnYFyldz8sojvgPXPv6dfqsvEt0QBbfKJJ1Mp1bCFBhn2uCDtKYjX3+7uKrp5qoRpI5qc= danil21@danil21-VirtualBox\n"
            },
            "metadata_options": [
              {
                "aws_v1_http_endpoint": 1,
                "aws_v1_http_token": 2,
                "gce_http_endpoint": 1,
                "gce_http_token": 1
              }
            ],
            "name": "vm-web-1",
            "network_acceleration_type": "standard",
            "network_interface": [
              {
                "dns_record": [
                  {
                    "dns_zone_id": "",
                    "fqdn": "web1.srv.",
                    "ptr": false,
                    "ttl": 300
                  }
                ],
                "index": 0,
                "ip_address": "10.10.1.3",
                "ipv4": true,
                "ipv6": false,
                "ipv6_address": "",
                "ipv6_dns_record": [],
                "mac_address": "d0:0d:51:e3:fa:b4",
                "nat": false,
                "nat_dns_record": [],
                "nat_ip_address": "",
                "nat_ip_version": "",
                "security_group_ids": [
                  "enp99amnnlnhcbm3769v"
                ],
                "subnet_id": "e9bs75aoi0fafjlru851"
              }
            ],
            "placement_policy": [
              {
                "host_affinity_rules": [],
                "placement_group_id": "",
                "placement_group_partition": 0
              }
            ],
            "platform_id": "standard-v3",
            "resources": [
              {
                "core_fraction": 20,
                "cores": 2,
                "gpus": 0,
                "memory": 2
              }
            ],
            "scheduling_policy": [
              {
                "preemptible": true
              }
            ],
            "secondary_disk": [],
            "service_account_id": "",
            "status": "running",
            "timeouts": null,
            "zone": "ru-central1-a"
          },
          "sensitive_attributes": [],
          "private": "eyJlMmJmYjczMC1lY2FhLTExZTYtOGY4OC0zNDM2M2JjN2M0YzAiOnsiY3JlYXRlIjozMDAwMDAwMDAwMDAsImRlbGV0ZSI6MzAwMDAwMDAwMDAwLCJ1cGRhdGUiOjMwMDAwMDAwMDAwMH0sInNjaGVtYV92ZXJzaW9uIjoiMSJ9",
          "dependencies": [
            "yandex_compute_disk.disk-bastion",
            "yandex_compute_disk.disk-web-1",
            "yandex_compute_instance.bastion",
            "yandex_vpc_network.dipnet",
            "yandex_vpc_route_table.inner-to-nat",
            "yandex_vpc_security_group.internal",
            "yandex_vpc_security_group.public-bastion",
            "yandex_vpc_subnet.public",
            "yandex_vpc_subnet.subnet_web-1"
          ]
        }
      ]
    },
    {
      "mode": "managed",
      "type": "yandex_compute_instance",
      "name": "web-2",
      "provider": "provider[\"registry.terraform.io/yandex-cloud/yandex\"]",
      "instances": [
        {
          "schema_version": 1,
          "attributes": {
            "allow_recreate": null,
            "allow_stopping_for_update": true,
            "boot_disk": [
              {
                "auto_delete": true,
                "device_name": "epd9shku7vv1ol1r4aqj",
                "disk_id": "epd9shku7vv1ol1r4aqj",
                "initialize_params": [
                  {
                    "block_size": 4096,
                    "description": "",
                    "image_id": "fd88rqql4soidsdqf98a",
                    "name": "disk-vm-web2",
                    "size": 8,
                    "snapshot_id": "",
                    "type": "network-hdd"
                  }
                ],
                "mode": "READ_WRITE"
              }
            ],
            "created_at": "2024-10-17T08:48:51Z",
            "description": "",
            "filesystem": [],
            "folder_id": "b1guuo1ai5jdtfpacfa0",
            "fqdn": "web2.ru-central1.internal",
            "gpu_cluster_id": "",
            "hardware_generation": [
              {
                "generation2_features": [],
                "legacy_features": [
                  {
                    "pci_topology": "PCI_TOPOLOGY_V1"
                  }
                ]
              }
            ],
            "hostname": "web2",
            "id": "epd56mej0j3hefl4bilq",
            "labels": null,
            "local_disk": [],
            "maintenance_grace_period": "",
            "maintenance_policy": null,
            "metadata": {
              "user-data": "#cloud-config\nusers:\n  - name: user\n    groups: sudo\n    shell: /bin/bash\n    sudo: ['ALL=(ALL) NOPASSWD:ALL']\n    ssh-authorized-keys:\n      - ssh-rsa AAAAB3NzaC1yc2EAAAADAQABAAABgQCwJoV+Pw5CB/uOEZvAb1x7qt97Ux/npxD/fxOA7RPpru2FrpZPz/Ly+CfF3WsspUPBZtlXErJcSMJqFUjljzB4oNOlF1w37+HMJup0qLmrvoVhdJIwkgIMf60y6JCMBuhM9J6cLr+MMOpLWpYNyE0UbH3F5nciOcsd47xDa1uogf8RKeVQDepdo1wRXz0hcGAnZ1PQ1KUaZVugvdv64fAR7Gr3473iD+q+9yNeXKpirnkcrZ7K8PNA+1VcdF2gvZn0r5510oz7x1z5LuvN6eLKYkz0NkZUY723kZBP2bLo3jMr2YA31PzDVD9tkJHfPPnpm3IOpOAHgVlvJOeio/hFRwix/RRVRYbd6glu5p7GMjIzzB06Qyja2SadIyypcctFKNXjnFXl3eYa4VmHk3FuoOEIXj5A+WQVQz0/WFovrGx6yKs8jFoC8Nfu+ujnYFyldz8sojvgPXPv6dfqsvEt0QBbfKJJ1Mp1bCFBhn2uCDtKYjX3+7uKrp5qoRpI5qc= danil21@danil21-VirtualBox\n"
            },
            "metadata_options": [
              {
                "aws_v1_http_endpoint": 1,
                "aws_v1_http_token": 2,
                "gce_http_endpoint": 1,
                "gce_http_token": 1
              }
            ],
            "name": "vm-web-2",
            "network_acceleration_type": "standard",
            "network_interface": [
              {
                "dns_record": [
                  {
                    "dns_zone_id": "",
                    "fqdn": "web2.srv.",
                    "ptr": false,
                    "ttl": 300
                  }
                ],
                "index": 0,
                "ip_address": "10.10.2.3",
                "ipv4": true,
                "ipv6": false,
                "ipv6_address": "",
                "ipv6_dns_record": [],
                "mac_address": "d0:0d:53:59:d3:04",
                "nat": false,
                "nat_dns_record": [],
                "nat_ip_address": "",
                "nat_ip_version": "",
                "security_group_ids": [
                  "enp99amnnlnhcbm3769v"
                ],
                "subnet_id": "e2lppg0tf26juqfh0vfe"
              }
            ],
            "placement_policy": [
              {
                "host_affinity_rules": [],
                "placement_group_id": "",
                "placement_group_partition": 0
              }
            ],
            "platform_id": "standard-v3",
            "resources": [
              {
                "core_fraction": 20,
                "cores": 2,
                "gpus": 0,
                "memory": 2
              }
            ],
            "scheduling_policy": [
              {
                "preemptible": true
              }
            ],
            "secondary_disk": [],
            "service_account_id": "",
            "status": "running",
            "timeouts": null,
            "zone": "ru-central1-b"
          },
          "sensitive_attributes": [],
          "private": "eyJlMmJmYjczMC1lY2FhLTExZTYtOGY4OC0zNDM2M2JjN2M0YzAiOnsiY3JlYXRlIjozMDAwMDAwMDAwMDAsImRlbGV0ZSI6MzAwMDAwMDAwMDAwLCJ1cGRhdGUiOjMwMDAwMDAwMDAwMH0sInNjaGVtYV92ZXJzaW9uIjoiMSJ9",
          "dependencies": [
            "yandex_compute_disk.disk-bastion",
            "yandex_compute_disk.disk-web-2",
            "yandex_compute_instance.bastion",
            "yandex_vpc_network.dipnet",
            "yandex_vpc_route_table.inner-to-nat",
            "yandex_vpc_security_group.internal",
            "yandex_vpc_security_group.public-bastion",
            "yandex_vpc_subnet.public",
            "yandex_vpc_subnet.subnet_web-2"
          ]
        }
      ]
    },
    {
      "mode": "managed",
      "type": "yandex_compute_instance",
      "name": "zabbix",
      "provider": "provider[\"registry.terraform.io/yandex-cloud/yandex\"]",
      "instances": [
        {
          "schema_version": 1,
          "attributes": {
            "allow_recreate": null,
            "allow_stopping_for_update": true,
            "boot_disk": [
              {
                "auto_delete": true,
                "device_name": "epdieq9lf2778gei5l1l",
                "disk_id": "epdieq9lf2778gei5l1l",
                "initialize_params": [
                  {
                    "block_size": 4096,
                    "description": "",
                    "image_id": "fd88rqql4soidsdqf98a",
                    "name": "disk-vm-zabbix",
                    "size": 8,
                    "snapshot_id": "",
                    "type": "network-hdd"
                  }
                ],
                "mode": "READ_WRITE"
              }
            ],
            "created_at": "2024-10-17T08:48:08Z",
            "description": "",
            "filesystem": [],
            "folder_id": "b1guuo1ai5jdtfpacfa0",
            "fqdn": "zabbix.ru-central1.internal",
            "gpu_cluster_id": "",
            "hardware_generation": [
              {
                "generation2_features": [],
                "legacy_features": [
                  {
                    "pci_topology": "PCI_TOPOLOGY_V1"
                  }
                ]
              }
            ],
            "hostname": "zabbix",
            "id": "epd2g5bj7bl16fjqi9bv",
            "labels": null,
            "local_disk": [],
            "maintenance_grace_period": "",
            "maintenance_policy": null,
            "metadata": {
              "user-data": "#cloud-config\nusers:\n  - name: user\n    groups: sudo\n    shell: /bin/bash\n    sudo: ['ALL=(ALL) NOPASSWD:ALL']\n    ssh-authorized-keys:\n      - ssh-rsa AAAAB3NzaC1yc2EAAAADAQABAAABgQCwJoV+Pw5CB/uOEZvAb1x7qt97Ux/npxD/fxOA7RPpru2FrpZPz/Ly+CfF3WsspUPBZtlXErJcSMJqFUjljzB4oNOlF1w37+HMJup0qLmrvoVhdJIwkgIMf60y6JCMBuhM9J6cLr+MMOpLWpYNyE0UbH3F5nciOcsd47xDa1uogf8RKeVQDepdo1wRXz0hcGAnZ1PQ1KUaZVugvdv64fAR7Gr3473iD+q+9yNeXKpirnkcrZ7K8PNA+1VcdF2gvZn0r5510oz7x1z5LuvN6eLKYkz0NkZUY723kZBP2bLo3jMr2YA31PzDVD9tkJHfPPnpm3IOpOAHgVlvJOeio/hFRwix/RRVRYbd6glu5p7GMjIzzB06Qyja2SadIyypcctFKNXjnFXl3eYa4VmHk3FuoOEIXj5A+WQVQz0/WFovrGx6yKs8jFoC8Nfu+ujnYFyldz8sojvgPXPv6dfqsvEt0QBbfKJJ1Mp1bCFBhn2uCDtKYjX3+7uKrp5qoRpI5qc= danil21@danil21-VirtualBox\n"
            },
            "metadata_options": [
              {
                "aws_v1_http_endpoint": 1,
                "aws_v1_http_token": 2,
                "gce_http_endpoint": 1,
                "gce_http_token": 1
              }
            ],
            "name": "vm-zabbix",
            "network_acceleration_type": "standard",
            "network_interface": [
              {
                "dns_record": [
                  {
                    "dns_zone_id": "",
                    "fqdn": "zabbix.srv.",
                    "ptr": false,
                    "ttl": 300
                  }
                ],
                "index": 0,
                "ip_address": "10.10.4.5",
                "ipv4": true,
                "ipv6": false,
                "ipv6_address": "",
                "ipv6_dns_record": [],
                "mac_address": "d0:0d:28:15:73:3a",
                "nat": true,
                "nat_dns_record": [],
                "nat_ip_address": "158.160.68.26",
                "nat_ip_version": "IPV4",
                "security_group_ids": [
                  "enp99amnnlnhcbm3769v",
                  "enpr38b1dq2ck9ova719"
                ],
                "subnet_id": "e2llu9vdohv4tir15491"
              }
            ],
            "placement_policy": [
              {
                "host_affinity_rules": [],
                "placement_group_id": "",
                "placement_group_partition": 0
              }
            ],
            "platform_id": "standard-v3",
            "resources": [
              {
                "core_fraction": 20,
                "cores": 2,
                "gpus": 0,
                "memory": 2
              }
            ],
            "scheduling_policy": [
              {
                "preemptible": true
              }
            ],
            "secondary_disk": [],
            "service_account_id": "",
            "status": "running",
            "timeouts": null,
            "zone": "ru-central1-b"
          },
          "sensitive_attributes": [],
          "private": "eyJlMmJmYjczMC1lY2FhLTExZTYtOGY4OC0zNDM2M2JjN2M0YzAiOnsiY3JlYXRlIjozMDAwMDAwMDAwMDAsImRlbGV0ZSI6MzAwMDAwMDAwMDAwLCJ1cGRhdGUiOjMwMDAwMDAwMDAwMH0sInNjaGVtYV92ZXJzaW9uIjoiMSJ9",
          "dependencies": [
            "yandex_compute_disk.disk-zabbix",
            "yandex_vpc_network.dipnet",
            "yandex_vpc_security_group.internal",
            "yandex_vpc_security_group.public-zabbix",
            "yandex_vpc_subnet.public"
          ]
        }
      ]
    },
    {
      "mode": "managed",
      "type": "yandex_compute_snapshot_schedule",
      "name": "default1",
      "provider": "provider[\"registry.terraform.io/yandex-cloud/yandex\"]",
      "instances": [
        {
          "schema_version": 0,
          "attributes": {
            "created_at": "2024-10-17T08:49:31Z",
            "description": "Ежедневные снимки, хранятся 7 дней",
            "disk_ids": [
              "epd9shku7vv1ol1r4aqj",
              "epdah0apbdsd8m56l9mf",
              "epdieq9lf2778gei5l1l",
              "epdjt902i5shkfmemfju",
              "epdvdq13rae70t14dqva",
              "fhmo7v3t62t0h391qbul"
            ],
            "folder_id": "b1guuo1ai5jdtfpacfa0",
            "id": "fd86hk91p6eplqtmj65f",
            "labels": null,
            "name": "default1",
            "retention_period": "168h0m0s",
            "schedule_policy": [
              {
                "expression": "0 1 * * *",
                "start_at": "1970-01-01T00:00:00Z"
              }
            ],
            "snapshot_count": 0,
            "snapshot_spec": [
              {
                "description": "retention-snapshot",
                "labels": null
              }
            ],
            "status": "active",
            "timeouts": null
          },
          "sensitive_attributes": [],
          "private": "eyJlMmJmYjczMC1lY2FhLTExZTYtOGY4OC0zNDM2M2JjN2M0YzAiOnsiY3JlYXRlIjozMDAwMDAwMDAwMDAsImRlbGV0ZSI6MzAwMDAwMDAwMDAwLCJ1cGRhdGUiOjMwMDAwMDAwMDAwMH19",
          "dependencies": [
            "yandex_compute_disk.disk-bastion",
            "yandex_compute_disk.disk-elastic",
            "yandex_compute_disk.disk-kibana",
            "yandex_compute_disk.disk-web-1",
            "yandex_compute_disk.disk-web-2",
            "yandex_compute_disk.disk-zabbix",
            "yandex_compute_instance.bastion",
            "yandex_compute_instance.elastic",
            "yandex_compute_instance.kibana",
            "yandex_compute_instance.web-1",
            "yandex_compute_instance.web-2",
            "yandex_compute_instance.zabbix",
            "yandex_vpc_network.dipnet",
            "yandex_vpc_route_table.inner-to-nat",
            "yandex_vpc_security_group.internal",
            "yandex_vpc_security_group.public-bastion",
            "yandex_vpc_security_group.public-kibana",
            "yandex_vpc_security_group.public-zabbix",
            "yandex_vpc_subnet.private",
            "yandex_vpc_subnet.public",
            "yandex_vpc_subnet.subnet_web-1",
            "yandex_vpc_subnet.subnet_web-2"
          ]
        }
      ]
    },
    {
      "mode": "managed",
      "type": "yandex_vpc_network",
      "name": "dipnet",
      "provider": "provider[\"registry.terraform.io/yandex-cloud/yandex\"]",
      "instances": [
        {
          "schema_version": 0,
          "attributes": {
            "created_at": "2024-10-17T08:47:57Z",
            "default_security_group_id": "enpphneulp102t3s307j",
            "description": "new network for the project",
            "folder_id": "b1guuo1ai5jdtfpacfa0",
            "id": "enp185vku2gcs02up6l3",
            "labels": {},
            "name": "network_project",
            "subnet_ids": [],
            "timeouts": null
          },
          "sensitive_attributes": [],
          "private": "eyJlMmJmYjczMC1lY2FhLTExZTYtOGY4OC0zNDM2M2JjN2M0YzAiOnsiY3JlYXRlIjo2MDAwMDAwMDAwMCwiZGVsZXRlIjo2MDAwMDAwMDAwMCwidXBkYXRlIjo2MDAwMDAwMDAwMH19"
        }
      ]
    },
    {
      "mode": "managed",
      "type": "yandex_vpc_route_table",
      "name": "inner-to-nat",
      "provider": "provider[\"registry.terraform.io/yandex-cloud/yandex\"]",
      "instances": [
        {
          "schema_version": 0,
          "attributes": {
            "created_at": "2024-10-17T08:48:49Z",
            "description": "",
            "folder_id": "b1guuo1ai5jdtfpacfa0",
            "id": "enpdcmdetrmnu5ktfu5j",
            "labels": {},
            "name": "",
            "network_id": "enp185vku2gcs02up6l3",
            "static_route": [
              {
                "destination_prefix": "0.0.0.0/0",
                "gateway_id": "",
                "next_hop_address": "10.10.4.4"
              }
            ],
            "timeouts": null
          },
          "sensitive_attributes": [],
          "private": "eyJlMmJmYjczMC1lY2FhLTExZTYtOGY4OC0zNDM2M2JjN2M0YzAiOnsiY3JlYXRlIjoxODAwMDAwMDAwMDAsImRlbGV0ZSI6MTgwMDAwMDAwMDAwLCJ1cGRhdGUiOjE4MDAwMDAwMDAwMH19",
          "dependencies": [
            "yandex_compute_disk.disk-bastion",
            "yandex_compute_instance.bastion",
            "yandex_vpc_network.dipnet",
            "yandex_vpc_security_group.internal",
            "yandex_vpc_security_group.public-bastion",
            "yandex_vpc_subnet.public"
          ]
        }
      ]
    },
    {
      "mode": "managed",
      "type": "yandex_vpc_security_group",
      "name": "internal",
      "provider": "provider[\"registry.terraform.io/yandex-cloud/yandex\"]",
      "instances": [
        {
          "schema_version": 0,
          "attributes": {
            "created_at": "2024-10-17T08:48:03Z",
            "description": "",
            "egress": [
              {
                "description": "allow any outgoing connections",
                "from_port": -1,
                "id": "enp52dkmn8lbjh4ti2tg",
                "labels": {},
                "port": -1,
                "predefined_target": "",
                "protocol": "ANY",
                "security_group_id": "",
                "to_port": -1,
                "v4_cidr_blocks": [
                  "0.0.0.0/0"
                ],
                "v6_cidr_blocks": []
              }
            ],
            "folder_id": "b1guuo1ai5jdtfpacfa0",
            "id": "enp99amnnlnhcbm3769v",
            "ingress": [
              {
                "description": "allow any connection from internal subnets",
                "from_port": -1,
                "id": "enp7ck6qb7fcmuf194gb",
                "labels": {},
                "port": -1,
                "predefined_target": "self_security_group",
                "protocol": "ANY",
                "security_group_id": "",
                "to_port": -1,
                "v4_cidr_blocks": [],
                "v6_cidr_blocks": []
              }
            ],
            "labels": {},
            "name": "internal-rules",
            "network_id": "enp185vku2gcs02up6l3",
            "status": "ACTIVE",
            "timeouts": null
          },
          "sensitive_attributes": [],
          "private": "eyJlMmJmYjczMC1lY2FhLTExZTYtOGY4OC0zNDM2M2JjN2M0YzAiOnsiY3JlYXRlIjoxODAwMDAwMDAwMDAsImRlbGV0ZSI6MTgwMDAwMDAwMDAwLCJ1cGRhdGUiOjE4MDAwMDAwMDAwMH19",
          "dependencies": [
            "yandex_vpc_network.dipnet"
          ]
        }
      ]
    },
    {
      "mode": "managed",
      "type": "yandex_vpc_security_group",
      "name": "public-bastion",
      "provider": "provider[\"registry.terraform.io/yandex-cloud/yandex\"]",
      "instances": [
        {
          "schema_version": 0,
          "attributes": {
            "created_at": "2024-10-17T08:48:12Z",
            "description": "",
            "egress": [
              {
                "description": "allow any outgoing connection",
                "from_port": -1,
                "id": "enpscrt7bq7mtpbmd4lp",
                "labels": {},
                "port": -1,
                "predefined_target": "",
                "protocol": "ANY",
                "security_group_id": "",
                "to_port": -1,
                "v4_cidr_blocks": [
                  "0.0.0.0/0"
                ],
                "v6_cidr_blocks": []
              }
            ],
            "folder_id": "b1guuo1ai5jdtfpacfa0",
            "id": "enp0ho4976p86nq55jgb",
            "ingress": [
              {
                "description": "allow ping",
                "from_port": -1,
                "id": "enp83jhjb9um1of22klo",
                "labels": {},
                "port": -1,
                "predefined_target": "",
                "protocol": "ICMP",
                "security_group_id": "",
                "to_port": -1,
                "v4_cidr_blocks": [
                  "0.0.0.0/0"
                ],
                "v6_cidr_blocks": []
              },
              {
                "description": "ssh_bastion",
                "from_port": -1,
                "id": "enpch0elaatoeo810v9o",
                "labels": {},
                "port": 22,
                "predefined_target": "",
                "protocol": "TCP",
                "security_group_id": "",
                "to_port": -1,
                "v4_cidr_blocks": [
                  "0.0.0.0/0"
                ],
                "v6_cidr_blocks": []
              }
            ],
            "labels": {},
            "name": "public-bastion-rules",
            "network_id": "enp185vku2gcs02up6l3",
            "status": "ACTIVE",
            "timeouts": null
          },
          "sensitive_attributes": [],
          "private": "eyJlMmJmYjczMC1lY2FhLTExZTYtOGY4OC0zNDM2M2JjN2M0YzAiOnsiY3JlYXRlIjoxODAwMDAwMDAwMDAsImRlbGV0ZSI6MTgwMDAwMDAwMDAwLCJ1cGRhdGUiOjE4MDAwMDAwMDAwMH19",
          "dependencies": [
            "yandex_vpc_network.dipnet"
          ]
        }
      ]
    },
    {
      "mode": "managed",
      "type": "yandex_vpc_security_group",
      "name": "public-kibana",
      "provider": "provider[\"registry.terraform.io/yandex-cloud/yandex\"]",
      "instances": [
        {
          "schema_version": 0,
          "attributes": {
            "created_at": "2024-10-17T08:48:08Z",
            "description": "",
            "egress": [
              {
                "description": "allow any outgoing connection",
                "from_port": -1,
                "id": "enp9f0kimil36gq6eqqf",
                "labels": {},
                "port": -1,
                "predefined_target": "",
                "protocol": "ANY",
                "security_group_id": "",
                "to_port": -1,
                "v4_cidr_blocks": [
                  "0.0.0.0/0"
                ],
                "v6_cidr_blocks": []
              }
            ],
            "folder_id": "b1guuo1ai5jdtfpacfa0",
            "id": "enp0qj1s1vo976tgq6a1",
            "ingress": [
              {
                "description": "allow kibana connections from internet",
                "from_port": -1,
                "id": "enpo9evo5c8sk208rh2p",
                "labels": {},
                "port": 5601,
                "predefined_target": "",
                "protocol": "TCP",
                "security_group_id": "",
                "to_port": -1,
                "v4_cidr_blocks": [
                  "0.0.0.0/0"
                ],
                "v6_cidr_blocks": []
              },
              {
                "description": "allow ping",
                "from_port": -1,
                "id": "enpgtkr5j9jq91uvnrl1",
                "labels": {},
                "port": -1,
                "predefined_target": "",
                "protocol": "ICMP",
                "security_group_id": "",
                "to_port": -1,
                "v4_cidr_blocks": [
                  "0.0.0.0/0"
                ],
                "v6_cidr_blocks": []
              }
            ],
            "labels": {},
            "name": "public-kibana-rules",
            "network_id": "enp185vku2gcs02up6l3",
            "status": "ACTIVE",
            "timeouts": null
          },
          "sensitive_attributes": [],
          "private": "eyJlMmJmYjczMC1lY2FhLTExZTYtOGY4OC0zNDM2M2JjN2M0YzAiOnsiY3JlYXRlIjoxODAwMDAwMDAwMDAsImRlbGV0ZSI6MTgwMDAwMDAwMDAwLCJ1cGRhdGUiOjE4MDAwMDAwMDAwMH19",
          "dependencies": [
            "yandex_vpc_network.dipnet"
          ]
        }
      ]
    },
    {
      "mode": "managed",
      "type": "yandex_vpc_security_group",
      "name": "public-load-balancer",
      "provider": "provider[\"registry.terraform.io/yandex-cloud/yandex\"]",
      "instances": [
        {
          "schema_version": 0,
          "attributes": {
            "created_at": "2024-10-17T08:48:01Z",
            "description": "",
            "egress": [
              {
                "description": "allow any outgoing connection",
                "from_port": -1,
                "id": "enpdovu6sbtqjk0uhtqq",
                "labels": {},
                "port": -1,
                "predefined_target": "",
                "protocol": "ANY",
                "security_group_id": "",
                "to_port": -1,
                "v4_cidr_blocks": [
                  "0.0.0.0/0"
                ],
                "v6_cidr_blocks": []
              }
            ],
            "folder_id": "b1guuo1ai5jdtfpacfa0",
            "id": "enpeo46plplv3rg9gf4m",
            "ingress": [
              {
                "description": "Health checks",
                "from_port": -1,
                "id": "enpso9t0b7dmrd08p043",
                "labels": {},
                "port": -1,
                "predefined_target": "",
                "protocol": "ANY",
                "security_group_id": "",
                "to_port": -1,
                "v4_cidr_blocks": [
                  "0.0.0.0/0"
                ],
                "v6_cidr_blocks": []
              },
              {
                "description": "allow HTTP connections from internet",
                "from_port": -1,
                "id": "enpvcvmbrcvu0gjcqc06",
                "labels": {},
                "port": 80,
                "predefined_target": "",
                "protocol": "TCP",
                "security_group_id": "",
                "to_port": -1,
                "v4_cidr_blocks": [
                  "0.0.0.0/0"
                ],
                "v6_cidr_blocks": []
              },
              {
                "description": "allow ping",
                "from_port": -1,
                "id": "enpaj0mcnuh9ivnd8p1b",
                "labels": {},
                "port": -1,
                "predefined_target": "",
                "protocol": "ICMP",
                "security_group_id": "",
                "to_port": -1,
                "v4_cidr_blocks": [
                  "0.0.0.0/0"
                ],
                "v6_cidr_blocks": []
              }
            ],
            "labels": {},
            "name": "public-load-balancer-rules",
            "network_id": "enp185vku2gcs02up6l3",
            "status": "ACTIVE",
            "timeouts": null
          },
          "sensitive_attributes": [],
          "private": "eyJlMmJmYjczMC1lY2FhLTExZTYtOGY4OC0zNDM2M2JjN2M0YzAiOnsiY3JlYXRlIjoxODAwMDAwMDAwMDAsImRlbGV0ZSI6MTgwMDAwMDAwMDAwLCJ1cGRhdGUiOjE4MDAwMDAwMDAwMH19",
          "dependencies": [
            "yandex_vpc_network.dipnet"
          ]
        }
      ]
    },
    {
      "mode": "managed",
      "type": "yandex_vpc_security_group",
      "name": "public-zabbix",
      "provider": "provider[\"registry.terraform.io/yandex-cloud/yandex\"]",
      "instances": [
        {
          "schema_version": 0,
          "attributes": {
            "created_at": "2024-10-17T08:48:06Z",
            "description": "",
            "egress": [
              {
                "description": "allow any outgoing connection",
                "from_port": -1,
                "id": "enp7v8e5jjcqdn5ggp5u",
                "labels": {},
                "port": -1,
                "predefined_target": "",
                "protocol": "ANY",
                "security_group_id": "",
                "to_port": -1,
                "v4_cidr_blocks": [
                  "0.0.0.0/0"
                ],
                "v6_cidr_blocks": []
              }
            ],
            "folder_id": "b1guuo1ai5jdtfpacfa0",
            "id": "enpr38b1dq2ck9ova719",
            "ingress": [
              {
                "description": "allow ping",
                "from_port": -1,
                "id": "enpo5d3ch0usr74hgmgd",
                "labels": {},
                "port": -1,
                "predefined_target": "",
                "protocol": "ICMP",
                "security_group_id": "",
                "to_port": -1,
                "v4_cidr_blocks": [
                  "0.0.0.0/0"
                ],
                "v6_cidr_blocks": []
              },
              {
                "description": "allow zabbix connections from internet",
                "from_port": -1,
                "id": "enp1oohmdqi68dntitfn",
                "labels": {},
                "port": 80,
                "predefined_target": "",
                "protocol": "TCP",
                "security_group_id": "",
                "to_port": -1,
                "v4_cidr_blocks": [
                  "0.0.0.0/0"
                ],
                "v6_cidr_blocks": []
              },
              {
                "description": "allow zabbix connections from internet",
                "from_port": -1,
                "id": "enpiei6a2s7dk621a09d",
                "labels": {},
                "port": 10051,
                "predefined_target": "",
                "protocol": "TCP",
                "security_group_id": "",
                "to_port": -1,
                "v4_cidr_blocks": [
                  "0.0.0.0/0"
                ],
                "v6_cidr_blocks": []
              }
            ],
            "labels": {},
            "name": "public-zabbix-rules",
            "network_id": "enp185vku2gcs02up6l3",
            "status": "ACTIVE",
            "timeouts": null
          },
          "sensitive_attributes": [],
          "private": "eyJlMmJmYjczMC1lY2FhLTExZTYtOGY4OC0zNDM2M2JjN2M0YzAiOnsiY3JlYXRlIjoxODAwMDAwMDAwMDAsImRlbGV0ZSI6MTgwMDAwMDAwMDAwLCJ1cGRhdGUiOjE4MDAwMDAwMDAwMH19",
          "dependencies": [
            "yandex_vpc_network.dipnet"
          ]
        }
      ]
    },
    {
      "mode": "managed",
      "type": "yandex_vpc_subnet",
      "name": "private",
      "provider": "provider[\"registry.terraform.io/yandex-cloud/yandex\"]",
      "instances": [
        {
          "schema_version": 0,
          "attributes": {
            "created_at": "2024-10-17T08:48:52Z",
            "description": "",
            "dhcp_options": [],
            "folder_id": "b1guuo1ai5jdtfpacfa0",
            "id": "e2lmtgm4scv0au6opbab",
            "labels": {},
            "name": "internal-subnet",
            "network_id": "enp185vku2gcs02up6l3",
            "route_table_id": "enpdcmdetrmnu5ktfu5j",
            "timeouts": null,
            "v4_cidr_blocks": [
              "10.10.3.0/27"
            ],
            "v6_cidr_blocks": [],
            "zone": "ru-central1-b"
          },
          "sensitive_attributes": [],
          "private": "eyJlMmJmYjczMC1lY2FhLTExZTYtOGY4OC0zNDM2M2JjN2M0YzAiOnsiY3JlYXRlIjoxODAwMDAwMDAwMDAsImRlbGV0ZSI6MTgwMDAwMDAwMDAwLCJ1cGRhdGUiOjE4MDAwMDAwMDAwMH19",
          "dependencies": [
            "yandex_compute_disk.disk-bastion",
            "yandex_compute_instance.bastion",
            "yandex_vpc_network.dipnet",
            "yandex_vpc_route_table.inner-to-nat",
            "yandex_vpc_security_group.internal",
            "yandex_vpc_security_group.public-bastion",
            "yandex_vpc_subnet.public"
          ]
        }
      ]
    },
    {
      "mode": "managed",
      "type": "yandex_vpc_subnet",
      "name": "public",
      "provider": "provider[\"registry.terraform.io/yandex-cloud/yandex\"]",
      "instances": [
        {
          "schema_version": 0,
          "attributes": {
            "created_at": "2024-10-17T08:48:00Z",
            "description": "",
            "dhcp_options": [],
            "folder_id": "b1guuo1ai5jdtfpacfa0",
            "id": "e2llu9vdohv4tir15491",
            "labels": {},
            "name": "public-subnet",
            "network_id": "enp185vku2gcs02up6l3",
            "route_table_id": "",
            "timeouts": null,
            "v4_cidr_blocks": [
              "10.10.4.0/27"
            ],
            "v6_cidr_blocks": [],
            "zone": "ru-central1-b"
          },
          "sensitive_attributes": [],
          "private": "eyJlMmJmYjczMC1lY2FhLTExZTYtOGY4OC0zNDM2M2JjN2M0YzAiOnsiY3JlYXRlIjoxODAwMDAwMDAwMDAsImRlbGV0ZSI6MTgwMDAwMDAwMDAwLCJ1cGRhdGUiOjE4MDAwMDAwMDAwMH19",
          "dependencies": [
            "yandex_vpc_network.dipnet"
          ]
        }
      ]
    },
    {
      "mode": "managed",
      "type": "yandex_vpc_subnet",
      "name": "subnet_web-1",
      "provider": "provider[\"registry.terraform.io/yandex-cloud/yandex\"]",
      "instances": [
        {
          "schema_version": 0,
          "attributes": {
            "created_at": "2024-10-17T08:48:50Z",
            "description": "",
            "dhcp_options": [],
            "folder_id": "b1guuo1ai5jdtfpacfa0",
            "id": "e9bs75aoi0fafjlru851",
            "labels": {},
            "name": "subnet_web-1",
            "network_id": "enp185vku2gcs02up6l3",
            "route_table_id": "enpdcmdetrmnu5ktfu5j",
            "timeouts": null,
            "v4_cidr_blocks": [
              "10.10.1.0/28"
            ],
            "v6_cidr_blocks": [],
            "zone": "ru-central1-a"
          },
          "sensitive_attributes": [],
          "private": "eyJlMmJmYjczMC1lY2FhLTExZTYtOGY4OC0zNDM2M2JjN2M0YzAiOnsiY3JlYXRlIjoxODAwMDAwMDAwMDAsImRlbGV0ZSI6MTgwMDAwMDAwMDAwLCJ1cGRhdGUiOjE4MDAwMDAwMDAwMH19",
          "dependencies": [
            "yandex_compute_disk.disk-bastion",
            "yandex_compute_instance.bastion",
            "yandex_vpc_network.dipnet",
            "yandex_vpc_route_table.inner-to-nat",
            "yandex_vpc_security_group.internal",
            "yandex_vpc_security_group.public-bastion",
            "yandex_vpc_subnet.public"
          ]
        }
      ]
    },
    {
      "mode": "managed",
      "type": "yandex_vpc_subnet",
      "name": "subnet_web-2",
      "provider": "provider[\"registry.terraform.io/yandex-cloud/yandex\"]",
      "instances": [
        {
          "schema_version": 0,
          "attributes": {
            "created_at": "2024-10-17T08:48:50Z",
            "description": "",
            "dhcp_options": [],
            "folder_id": "b1guuo1ai5jdtfpacfa0",
            "id": "e2lppg0tf26juqfh0vfe",
            "labels": {},
            "name": "subnet_web-2",
            "network_id": "enp185vku2gcs02up6l3",
            "route_table_id": "enpdcmdetrmnu5ktfu5j",
            "timeouts": null,
            "v4_cidr_blocks": [
              "10.10.2.0/28"
            ],
            "v6_cidr_blocks": [],
            "zone": "ru-central1-b"
          },
          "sensitive_attributes": [],
          "private": "eyJlMmJmYjczMC1lY2FhLTExZTYtOGY4OC0zNDM2M2JjN2M0YzAiOnsiY3JlYXRlIjoxODAwMDAwMDAwMDAsImRlbGV0ZSI6MTgwMDAwMDAwMDAwLCJ1cGRhdGUiOjE4MDAwMDAwMDAwMH19",
          "dependencies": [
            "yandex_compute_disk.disk-bastion",
            "yandex_compute_instance.bastion",
            "yandex_vpc_network.dipnet",
            "yandex_vpc_route_table.inner-to-nat",
            "yandex_vpc_security_group.internal",
            "yandex_vpc_security_group.public-bastion",
            "yandex_vpc_subnet.public"
          ]
        }
      ]
    }
  ],
  "check_results": null
}
